schema: '2.0'
stages:
  train:
    cmd: python train_student_model.py
    deps:
    - path: data/ev_battery_data_with_km.csv
      hash: md5
      md5: 62c419eb23bb69190adb51fba474cd0b
      size: 179409
    - path: data/student_data.csv
      hash: md5
      md5: b0530f938ca3ed792ffe464bad84ad5a
      size: 918522
    - path: train_student_model.py
      hash: md5
      md5: c349124b527629608a820ad8fcfbcb8f
      size: 8006
    outs:
    - path: features_evaluation.csv
      hash: md5
      md5: 444a5f2bcd9db34cdd0ff051e65a0765
      size: 243
    - path: models
      hash: md5
      md5: 045c2464894fce5e62a11890b541e779.dir
      size: 24908343
      nfiles: 4
